
Microsoft Visual Studio Solution File, Format Version 11.00
# Visual Studio 2010
Project("{FAE04EC0-301F-11D3-BF4B-00C04F79EFBC}") = "ARTableSet", "Assembly-CSharp.csproj", "{EE8C887E-453D-1B78-A69D-EFACCF98AC6E}"
EndProject
Project("{FAE04EC0-301F-11D3-BF4B-00C04F79EFBC}") = "ARTableSet", "Assembly-CSharp-Editor.csproj", "{82E6B274-5355-8F35-A01B-C55A892EB4A8}"
EndProject
Global
	GlobalSection(SolutionConfigurationPlatforms) = preSolution
		Debug|Any CPU = Debug|Any CPU
		Release|Any CPU = Release|Any CPU
	EndGlobalSection
	GlobalSection(ProjectConfigurationPlatforms) = postSolution
		{EE8C887E-453D-1B78-A69D-EFACCF98AC6E}.Debug|Any CPU.ActiveCfg = Debug|Any CPU
		{EE8C887E-453D-1B78-A69D-EFACCF98AC6E}.Debug|Any CPU.Build.0 = Debug|Any CPU
		{EE8C887E-453D-1B78-A69D-EFACCF98AC6E}.Release|Any CPU.ActiveCfg = Release|Any CPU
		{EE8C887E-453D-1B78-A69D-EFACCF98AC6E}.Release|Any CPU.Build.0 = Release|Any CPU
		{82E6B274-5355-8F35-A01B-C55A892EB4A8}.Debug|Any CPU.ActiveCfg = Debug|Any CPU
		{82E6B274-5355-8F35-A01B-C55A892EB4A8}.Debug|Any CPU.Build.0 = Debug|Any CPU
		{82E6B274-5355-8F35-A01B-C55A892EB4A8}.Release|Any CPU.ActiveCfg = Release|Any CPU
		{82E6B274-5355-8F35-A01B-C55A892EB4A8}.Release|Any CPU.Build.0 = Release|Any CPU
	EndGlobalSection
	GlobalSection(SolutionProperties) = preSolution
		HideSolutionNode = FALSE
	EndGlobalSection
	GlobalSection(MonoDevelopProperties) = preSolution
		StartupItem = Assembly-CSharp.csproj
	EndGlobalSection
EndGlobal
